
Microsoft Visual Studio Solution File, Format Version 12.00
# Visual Studio Version 16
VisualStudioVersion = 16.0.30907.101
MinimumVisualStudioVersion = 10.0.40219.1
Project("{FAE04EC0-301F-11D3-BF4B-00C04F79EFBC}") = "FreshBrewStore", "FreshBrewStore\FreshBrewStore.csproj", "{031B06F8-DF58-47A0-AC63-81E54671DCA2}"
EndProject
Global
	GlobalSection(SolutionConfigurationPlatforms) = preSolution
		Debug|Any CPU = Debug|Any CPU
		Release|Any CPU = Release|Any CPU
	EndGlobalSection
	GlobalSection(ProjectConfigurationPlatforms) = postSolution
		{031B06F8-DF58-47A0-AC63-81E54671DCA2}.Debug|Any CPU.ActiveCfg = Debug|Any CPU
		{031B06F8-DF58-47A0-AC63-81E54671DCA2}.Debug|Any CPU.Build.0 = Debug|Any CPU
		{031B06F8-DF58-47A0-AC63-81E54671DCA2}.Release|Any CPU.ActiveCfg = Release|Any CPU
		{031B06F8-DF58-47A0-AC63-81E54671DCA2}.Release|Any CPU.Build.0 = Release|Any CPU
	EndGlobalSection
	GlobalSection(SolutionProperties) = preSolution
		HideSolutionNode = FALSE
	EndGlobalSection
	GlobalSection(ExtensibilityGlobals) = postSolution
		SolutionGuid = {B8F5277D-2275-4503-99B6-C82F8B14DAE1}
	EndGlobalSection
EndGlobal
